
Microsoft Visual Studio Solution File, Format Version 12.00
# Visual Studio 15
VisualStudioVersion = 15.0.26228.4
MinimumVisualStudioVersion = 10.0.40219.1
Project("{2150E333-8FDC-42A3-9474-1A3956D46DE8}") = "src", "src", "{2A25B1AD-2629-4D99-BAB5-172EED85FFE8}"
EndProject
Project("{2150E333-8FDC-42A3-9474-1A3956D46DE8}") = "test", "test", "{7FA35BAF-800D-4435-9E01-58CBBDDF9C69}"
EndProject
Project("{FAE04EC0-301F-11D3-BF4B-00C04F79EFBC}") = "Evolve", "src\Evolve\Evolve.csproj", "{5DBECB3F-30C4-45D1-971E-92FDD2F24EC0}"
EndProject
Project("{FAE04EC0-301F-11D3-BF4B-00C04F79EFBC}") = "Evolve.Core.Test", "test\Evolve.Core.Test\Evolve.Core.Test.csproj", "{F72EBF58-AB5B-411B-A615-A4B1CB92594A}"
EndProject
Project("{FAE04EC0-301F-11D3-BF4B-00C04F79EFBC}") = "Evolve.IntegrationTest.PostgreSQL", "test\Evolve.IntegrationTest.PostgreSQL\Evolve.IntegrationTest.PostgreSQL.csproj", "{5D083251-040D-40E6-AA6F-7AB5959E2B76}"
EndProject
Project("{FAE04EC0-301F-11D3-BF4B-00C04F79EFBC}") = "Evolve.Test", "test\Evolve.Test\Evolve.Test.csproj", "{8CDC7D97-26F6-4CA2-9D55-0434E86664D4}"
EndProject
Global
	GlobalSection(SolutionConfigurationPlatforms) = preSolution
		Debug|Any CPU = Debug|Any CPU
		Debug|x64 = Debug|x64
		Debug|x86 = Debug|x86
		Release|Any CPU = Release|Any CPU
		Release|x64 = Release|x64
		Release|x86 = Release|x86
	EndGlobalSection
	GlobalSection(ProjectConfigurationPlatforms) = postSolution
		{5DBECB3F-30C4-45D1-971E-92FDD2F24EC0}.Debug|Any CPU.ActiveCfg = Debug|Any CPU
		{5DBECB3F-30C4-45D1-971E-92FDD2F24EC0}.Debug|Any CPU.Build.0 = Debug|Any CPU
		{5DBECB3F-30C4-45D1-971E-92FDD2F24EC0}.Debug|x64.ActiveCfg = Debug|Any CPU
		{5DBECB3F-30C4-45D1-971E-92FDD2F24EC0}.Debug|x64.Build.0 = Debug|Any CPU
		{5DBECB3F-30C4-45D1-971E-92FDD2F24EC0}.Debug|x86.ActiveCfg = Debug|Any CPU
		{5DBECB3F-30C4-45D1-971E-92FDD2F24EC0}.Debug|x86.Build.0 = Debug|Any CPU
		{5DBECB3F-30C4-45D1-971E-92FDD2F24EC0}.Release|Any CPU.ActiveCfg = Release|Any CPU
		{5DBECB3F-30C4-45D1-971E-92FDD2F24EC0}.Release|Any CPU.Build.0 = Release|Any CPU
		{5DBECB3F-30C4-45D1-971E-92FDD2F24EC0}.Release|x64.ActiveCfg = Release|Any CPU
		{5DBECB3F-30C4-45D1-971E-92FDD2F24EC0}.Release|x64.Build.0 = Release|Any CPU
		{5DBECB3F-30C4-45D1-971E-92FDD2F24EC0}.Release|x86.ActiveCfg = Release|Any CPU
		{5DBECB3F-30C4-45D1-971E-92FDD2F24EC0}.Release|x86.Build.0 = Release|Any CPU
		{F72EBF58-AB5B-411B-A615-A4B1CB92594A}.Debug|Any CPU.ActiveCfg = Debug|Any CPU
		{F72EBF58-AB5B-411B-A615-A4B1CB92594A}.Debug|Any CPU.Build.0 = Debug|Any CPU
		{F72EBF58-AB5B-411B-A615-A4B1CB92594A}.Debug|x64.ActiveCfg = Debug|Any CPU
		{F72EBF58-AB5B-411B-A615-A4B1CB92594A}.Debug|x64.Build.0 = Debug|Any CPU
		{F72EBF58-AB5B-411B-A615-A4B1CB92594A}.Debug|x86.ActiveCfg = Debug|Any CPU
		{F72EBF58-AB5B-411B-A615-A4B1CB92594A}.Debug|x86.Build.0 = Debug|Any CPU
		{F72EBF58-AB5B-411B-A615-A4B1CB92594A}.Release|Any CPU.ActiveCfg = Release|Any CPU
		{F72EBF58-AB5B-411B-A615-A4B1CB92594A}.Release|Any CPU.Build.0 = Release|Any CPU
		{F72EBF58-AB5B-411B-A615-A4B1CB92594A}.Release|x64.ActiveCfg = Release|Any CPU
		{F72EBF58-AB5B-411B-A615-A4B1CB92594A}.Release|x64.Build.0 = Release|Any CPU
		{F72EBF58-AB5B-411B-A615-A4B1CB92594A}.Release|x86.ActiveCfg = Release|Any CPU
		{F72EBF58-AB5B-411B-A615-A4B1CB92594A}.Release|x86.Build.0 = Release|Any CPU
		{5D083251-040D-40E6-AA6F-7AB5959E2B76}.Debug|Any CPU.ActiveCfg = Debug|Any CPU
		{5D083251-040D-40E6-AA6F-7AB5959E2B76}.Debug|Any CPU.Build.0 = Debug|Any CPU
		{5D083251-040D-40E6-AA6F-7AB5959E2B76}.Debug|x64.ActiveCfg = Debug|Any CPU
		{5D083251-040D-40E6-AA6F-7AB5959E2B76}.Debug|x64.Build.0 = Debug|Any CPU
		{5D083251-040D-40E6-AA6F-7AB5959E2B76}.Debug|x86.ActiveCfg = Debug|Any CPU
		{5D083251-040D-40E6-AA6F-7AB5959E2B76}.Debug|x86.Build.0 = Debug|Any CPU
		{5D083251-040D-40E6-AA6F-7AB5959E2B76}.Release|Any CPU.ActiveCfg = Release|Any CPU
		{5D083251-040D-40E6-AA6F-7AB5959E2B76}.Release|Any CPU.Build.0 = Release|Any CPU
		{5D083251-040D-40E6-AA6F-7AB5959E2B76}.Release|x64.ActiveCfg = Release|Any CPU
		{5D083251-040D-40E6-AA6F-7AB5959E2B76}.Release|x64.Build.0 = Release|Any CPU
		{5D083251-040D-40E6-AA6F-7AB5959E2B76}.Release|x86.ActiveCfg = Release|Any CPU
		{5D083251-040D-40E6-AA6F-7AB5959E2B76}.Release|x86.Build.0 = Release|Any CPU
		{8CDC7D97-26F6-4CA2-9D55-0434E86664D4}.Debug|Any CPU.ActiveCfg = Debug|Any CPU
		{8CDC7D97-26F6-4CA2-9D55-0434E86664D4}.Debug|Any CPU.Build.0 = Debug|Any CPU
		{8CDC7D97-26F6-4CA2-9D55-0434E86664D4}.Debug|x64.ActiveCfg = Debug|Any CPU
		{8CDC7D97-26F6-4CA2-9D55-0434E86664D4}.Debug|x64.Build.0 = Debug|Any CPU
		{8CDC7D97-26F6-4CA2-9D55-0434E86664D4}.Debug|x86.ActiveCfg = Debug|Any CPU
		{8CDC7D97-26F6-4CA2-9D55-0434E86664D4}.Debug|x86.Build.0 = Debug|Any CPU
		{8CDC7D97-26F6-4CA2-9D55-0434E86664D4}.Release|Any CPU.ActiveCfg = Release|Any CPU
		{8CDC7D97-26F6-4CA2-9D55-0434E86664D4}.Release|Any CPU.Build.0 = Release|Any CPU
		{8CDC7D97-26F6-4CA2-9D55-0434E86664D4}.Release|x64.ActiveCfg = Release|Any CPU
		{8CDC7D97-26F6-4CA2-9D55-0434E86664D4}.Release|x64.Build.0 = Release|Any CPU
		{8CDC7D97-26F6-4CA2-9D55-0434E86664D4}.Release|x86.ActiveCfg = Release|Any CPU
		{8CDC7D97-26F6-4CA2-9D55-0434E86664D4}.Release|x86.Build.0 = Release|Any CPU
	EndGlobalSection
	GlobalSection(SolutionProperties) = preSolution
		HideSolutionNode = FALSE
	EndGlobalSection
	GlobalSection(NestedProjects) = preSolution
		{5DBECB3F-30C4-45D1-971E-92FDD2F24EC0} = {2A25B1AD-2629-4D99-BAB5-172EED85FFE8}
		{F72EBF58-AB5B-411B-A615-A4B1CB92594A} = {7FA35BAF-800D-4435-9E01-58CBBDDF9C69}
		{5D083251-040D-40E6-AA6F-7AB5959E2B76} = {7FA35BAF-800D-4435-9E01-58CBBDDF9C69}
		{8CDC7D97-26F6-4CA2-9D55-0434E86664D4} = {7FA35BAF-800D-4435-9E01-58CBBDDF9C69}
	EndGlobalSection
EndGlobal
