
Microsoft Visual Studio Solution File, Format Version 12.00
# Visual Studio 15
VisualStudioVersion = 15.0.28010.2048
MinimumVisualStudioVersion = 10.0.40219.1
Project("{9A19103F-16F7-4668-BE54-9A1E7A4F7556}") = "Evolve", "src\Evolve\Evolve.csproj", "{DBF0F8FA-5FD6-442A-BD36-925E38319E42}"
EndProject
Project("{9A19103F-16F7-4668-BE54-9A1E7A4F7556}") = "Evolve.Cli", "src\Evolve.Cli\Evolve.Cli.csproj", "{7DF2B02C-A19B-45F9-9C4A-D4C748EE8314}"
EndProject
Project("{2150E333-8FDC-42A3-9474-1A3956D46DE8}") = "src", "src", "{34E16608-D0C2-4638-8909-0D7F48675CFF}"
EndProject
Project("{2150E333-8FDC-42A3-9474-1A3956D46DE8}") = "test", "test", "{8C56B824-4253-4093-9193-E6E35A3B75D2}"
EndProject
Project("{9A19103F-16F7-4668-BE54-9A1E7A4F7556}") = "Evolve.Tests", "test\Evolve.Tests\Evolve.Tests.csproj", "{3A6F17CA-AF46-456B-BF71-5A9C0C87D2EB}"
EndProject
Project("{9A19103F-16F7-4668-BE54-9A1E7A4F7556}") = "Evolve.MSBuild", "src\Evolve.MSBuild\Evolve.MSBuild.csproj", "{257E5F2F-3B3F-4098-A32D-3D7AA2F18581}"
EndProject
Project("{2150E333-8FDC-42A3-9474-1A3956D46DE8}") = "build", "build", "{7183866D-B03D-440A-904D-B92152904C4B}"
	ProjectSection(SolutionItems) = preProject
		build.cake = build.cake
		build\common.props = build\common.props
	EndProjectSection
EndProject
Project("{2150E333-8FDC-42A3-9474-1A3956D46DE8}") = "samples", "samples", "{3940BCD3-1E7B-4F61-88E2-9E05BC71E167}"
EndProject
Project("{2150E333-8FDC-42A3-9474-1A3956D46DE8}") = "Evolve", "Evolve", "{F11B4CEC-5BFB-4A28-AFFC-3E5A3BEA22B6}"
EndProject
Project("{2150E333-8FDC-42A3-9474-1A3956D46DE8}") = "Evolve.MSBuild", "Evolve.MSBuild", "{04EE356D-DED5-4B9A-AC9E-8B136657A0EE}"
EndProject
Project("{9A19103F-16F7-4668-BE54-9A1E7A4F7556}") = "AspNetCoreSample", "samples\Evolve\AspNetCoreSample\AspNetCoreSample.csproj", "{3A25768C-7B4C-463E-8172-75ACFBB5AD42}"
EndProject
Project("{FAE04EC0-301F-11D3-BF4B-00C04F79EFBC}") = "AspNetCoreSample2", "samples\Evolve.MSBuild\AspNetCoreSample2\AspNetCoreSample2.csproj", "{DFA3FFBC-7492-4D86-AED7-5D4215CAC57E}"
EndProject
Global
	GlobalSection(SolutionConfigurationPlatforms) = preSolution
		Debug|Any CPU = Debug|Any CPU
		Release|Any CPU = Release|Any CPU
	EndGlobalSection
	GlobalSection(ProjectConfigurationPlatforms) = postSolution
		{DBF0F8FA-5FD6-442A-BD36-925E38319E42}.Debug|Any CPU.ActiveCfg = Debug|Any CPU
		{DBF0F8FA-5FD6-442A-BD36-925E38319E42}.Debug|Any CPU.Build.0 = Debug|Any CPU
		{DBF0F8FA-5FD6-442A-BD36-925E38319E42}.Release|Any CPU.ActiveCfg = Release|Any CPU
		{DBF0F8FA-5FD6-442A-BD36-925E38319E42}.Release|Any CPU.Build.0 = Release|Any CPU
		{7DF2B02C-A19B-45F9-9C4A-D4C748EE8314}.Debug|Any CPU.ActiveCfg = Debug|Any CPU
		{7DF2B02C-A19B-45F9-9C4A-D4C748EE8314}.Debug|Any CPU.Build.0 = Debug|Any CPU
		{7DF2B02C-A19B-45F9-9C4A-D4C748EE8314}.Release|Any CPU.ActiveCfg = Release|Any CPU
		{7DF2B02C-A19B-45F9-9C4A-D4C748EE8314}.Release|Any CPU.Build.0 = Release|Any CPU
		{3A6F17CA-AF46-456B-BF71-5A9C0C87D2EB}.Debug|Any CPU.ActiveCfg = Debug|Any CPU
		{3A6F17CA-AF46-456B-BF71-5A9C0C87D2EB}.Debug|Any CPU.Build.0 = Debug|Any CPU
		{3A6F17CA-AF46-456B-BF71-5A9C0C87D2EB}.Release|Any CPU.ActiveCfg = Release|Any CPU
		{3A6F17CA-AF46-456B-BF71-5A9C0C87D2EB}.Release|Any CPU.Build.0 = Release|Any CPU
		{257E5F2F-3B3F-4098-A32D-3D7AA2F18581}.Debug|Any CPU.ActiveCfg = Debug|Any CPU
		{257E5F2F-3B3F-4098-A32D-3D7AA2F18581}.Debug|Any CPU.Build.0 = Debug|Any CPU
		{257E5F2F-3B3F-4098-A32D-3D7AA2F18581}.Release|Any CPU.ActiveCfg = Release|Any CPU
		{257E5F2F-3B3F-4098-A32D-3D7AA2F18581}.Release|Any CPU.Build.0 = Release|Any CPU
		{3A25768C-7B4C-463E-8172-75ACFBB5AD42}.Debug|Any CPU.ActiveCfg = Debug|Any CPU
		{3A25768C-7B4C-463E-8172-75ACFBB5AD42}.Release|Any CPU.ActiveCfg = Release|Any CPU
		{DFA3FFBC-7492-4D86-AED7-5D4215CAC57E}.Debug|Any CPU.ActiveCfg = Debug|Any CPU
		{DFA3FFBC-7492-4D86-AED7-5D4215CAC57E}.Release|Any CPU.ActiveCfg = Release|Any CPU
	EndGlobalSection
	GlobalSection(SolutionProperties) = preSolution
		HideSolutionNode = FALSE
	EndGlobalSection
	GlobalSection(NestedProjects) = preSolution
		{DBF0F8FA-5FD6-442A-BD36-925E38319E42} = {34E16608-D0C2-4638-8909-0D7F48675CFF}
		{7DF2B02C-A19B-45F9-9C4A-D4C748EE8314} = {34E16608-D0C2-4638-8909-0D7F48675CFF}
		{3A6F17CA-AF46-456B-BF71-5A9C0C87D2EB} = {8C56B824-4253-4093-9193-E6E35A3B75D2}
		{257E5F2F-3B3F-4098-A32D-3D7AA2F18581} = {34E16608-D0C2-4638-8909-0D7F48675CFF}
		{F11B4CEC-5BFB-4A28-AFFC-3E5A3BEA22B6} = {3940BCD3-1E7B-4F61-88E2-9E05BC71E167}
		{04EE356D-DED5-4B9A-AC9E-8B136657A0EE} = {3940BCD3-1E7B-4F61-88E2-9E05BC71E167}
		{3A25768C-7B4C-463E-8172-75ACFBB5AD42} = {F11B4CEC-5BFB-4A28-AFFC-3E5A3BEA22B6}
		{DFA3FFBC-7492-4D86-AED7-5D4215CAC57E} = {04EE356D-DED5-4B9A-AC9E-8B136657A0EE}
	EndGlobalSection
	GlobalSection(ExtensibilityGlobals) = postSolution
		SolutionGuid = {BD9DBF69-6342-4993-B508-CCD184163FA8}
	EndGlobalSection
EndGlobal
