
Microsoft Visual Studio Solution File, Format Version 12.00
# Visual Studio 15
VisualStudioVersion = 15.0.27130.2027
MinimumVisualStudioVersion = 10.0.40219.1
Project("{2150E333-8FDC-42A3-9474-1A3956D46DE8}") = "SQLite", "SQLite", "{3D88DCC8-AFAA-4734-BF76-D0E46D67B56A}"
EndProject
Project("{9A19103F-16F7-4668-BE54-9A1E7A4F7556}") = "Evolve.Microsoft.Data.SQLite.AspNetCore20.Test", "test-package\Evolve.Microsoft.Data.SQLite.AspNetCore20.Test\Evolve.Microsoft.Data.SQLite.AspNetCore20.Test.csproj", "{C0E57185-9C71-460B-84BE-65BF7BEB5686}"
EndProject
Project("{2150E333-8FDC-42A3-9474-1A3956D46DE8}") = "PostgreSQL", "PostgreSQL", "{D7E774FF-B924-41B9-94AC-18799CBF564B}"
EndProject
Project("{9A19103F-16F7-4668-BE54-9A1E7A4F7556}") = "Evolve.Npgsql.AspNetCore20.Test", "test-package\Evolve.Npgsql.AspNetCore20.Test\Evolve.Npgsql.AspNetCore20.Test.csproj", "{FD2FED09-6C19-4175-87DA-CE9D82D9A7B0}"
EndProject
Project("{2150E333-8FDC-42A3-9474-1A3956D46DE8}") = "MySQL", "MySQL", "{6D80708C-0287-4754-8ACA-DBF3240AB880}"
EndProject
Project("{9A19103F-16F7-4668-BE54-9A1E7A4F7556}") = "Evolve.MySql.Data.AspNetCore20.Test", "test-package\Evolve.MySql.Data.AspNetCore20.Test\Evolve.MySql.Data.AspNetCore20.Test.csproj", "{DD114EEA-5CCE-44F6-9454-0C6B9070D45B}"
EndProject
Project("{2150E333-8FDC-42A3-9474-1A3956D46DE8}") = "SQLServer", "SQLServer", "{7420B649-9F67-423C-BDBE-9198A5DA4029}"
EndProject
Project("{9A19103F-16F7-4668-BE54-9A1E7A4F7556}") = "Evolve.SqlClient.AspNetCore20.Test", "test-package\Evolve.SqlClient.AspNetCore20.Test\Evolve.SqlClient.AspNetCore20.Test.csproj", "{4F9741B2-9E5B-4552-B8AE-B206075A0B11}"
EndProject
Global
	GlobalSection(SolutionConfigurationPlatforms) = preSolution
		Debug|Any CPU = Debug|Any CPU
		Release|Any CPU = Release|Any CPU
	EndGlobalSection
	GlobalSection(ProjectConfigurationPlatforms) = postSolution
		{C0E57185-9C71-460B-84BE-65BF7BEB5686}.Debug|Any CPU.ActiveCfg = Debug|Any CPU
		{C0E57185-9C71-460B-84BE-65BF7BEB5686}.Debug|Any CPU.Build.0 = Debug|Any CPU
		{C0E57185-9C71-460B-84BE-65BF7BEB5686}.Release|Any CPU.ActiveCfg = Release|Any CPU
		{C0E57185-9C71-460B-84BE-65BF7BEB5686}.Release|Any CPU.Build.0 = Release|Any CPU
		{FD2FED09-6C19-4175-87DA-CE9D82D9A7B0}.Debug|Any CPU.ActiveCfg = Debug|Any CPU
		{FD2FED09-6C19-4175-87DA-CE9D82D9A7B0}.Debug|Any CPU.Build.0 = Debug|Any CPU
		{FD2FED09-6C19-4175-87DA-CE9D82D9A7B0}.Release|Any CPU.ActiveCfg = Release|Any CPU
		{FD2FED09-6C19-4175-87DA-CE9D82D9A7B0}.Release|Any CPU.Build.0 = Release|Any CPU
		{DD114EEA-5CCE-44F6-9454-0C6B9070D45B}.Debug|Any CPU.ActiveCfg = Debug|Any CPU
		{DD114EEA-5CCE-44F6-9454-0C6B9070D45B}.Debug|Any CPU.Build.0 = Debug|Any CPU
		{DD114EEA-5CCE-44F6-9454-0C6B9070D45B}.Release|Any CPU.ActiveCfg = Release|Any CPU
		{DD114EEA-5CCE-44F6-9454-0C6B9070D45B}.Release|Any CPU.Build.0 = Release|Any CPU
		{4F9741B2-9E5B-4552-B8AE-B206075A0B11}.Debug|Any CPU.ActiveCfg = Debug|Any CPU
		{4F9741B2-9E5B-4552-B8AE-B206075A0B11}.Debug|Any CPU.Build.0 = Debug|Any CPU
		{4F9741B2-9E5B-4552-B8AE-B206075A0B11}.Release|Any CPU.ActiveCfg = Release|Any CPU
		{4F9741B2-9E5B-4552-B8AE-B206075A0B11}.Release|Any CPU.Build.0 = Release|Any CPU
	EndGlobalSection
	GlobalSection(SolutionProperties) = preSolution
		HideSolutionNode = FALSE
	EndGlobalSection
	GlobalSection(NestedProjects) = preSolution
		{C0E57185-9C71-460B-84BE-65BF7BEB5686} = {3D88DCC8-AFAA-4734-BF76-D0E46D67B56A}
		{FD2FED09-6C19-4175-87DA-CE9D82D9A7B0} = {D7E774FF-B924-41B9-94AC-18799CBF564B}
		{DD114EEA-5CCE-44F6-9454-0C6B9070D45B} = {6D80708C-0287-4754-8ACA-DBF3240AB880}
		{4F9741B2-9E5B-4552-B8AE-B206075A0B11} = {7420B649-9F67-423C-BDBE-9198A5DA4029}
	EndGlobalSection
	GlobalSection(ExtensibilityGlobals) = postSolution
		SolutionGuid = {D1A92AB0-3CBC-4174-A7D1-E6B53B0EAF73}
	EndGlobalSection
EndGlobal
