
Microsoft Visual Studio Solution File, Format Version 12.00
# Visual Studio 15
VisualStudioVersion = 15.0.27130.2027
MinimumVisualStudioVersion = 10.0.40219.1
Project("{2150E333-8FDC-42A3-9474-1A3956D46DE8}") = "SQLite", "SQLite", "{3D88DCC8-AFAA-4734-BF76-D0E46D67B56A}"
EndProject
Project("{9A19103F-16F7-4668-BE54-9A1E7A4F7556}") = "Evolve.Microsoft.Data.SQLite.AspNetCore20.Test", "test-package\Evolve.Microsoft.Data.SQLite.AspNetCore20.Test\Evolve.Microsoft.Data.SQLite.AspNetCore20.Test.csproj", "{C0E57185-9C71-460B-84BE-65BF7BEB5686}"
EndProject
Project("{2150E333-8FDC-42A3-9474-1A3956D46DE8}") = "PostgreSQL", "PostgreSQL", "{D7E774FF-B924-41B9-94AC-18799CBF564B}"
EndProject
Project("{9A19103F-16F7-4668-BE54-9A1E7A4F7556}") = "Evolve.Npgsql.AspNetCore20.Test", "test-package\Evolve.Npgsql.AspNetCore20.Test\Evolve.Npgsql.AspNetCore20.Test.csproj", "{FD2FED09-6C19-4175-87DA-CE9D82D9A7B0}"
EndProject
Project("{2150E333-8FDC-42A3-9474-1A3956D46DE8}") = "MySQL", "MySQL", "{6D80708C-0287-4754-8ACA-DBF3240AB880}"
EndProject
Project("{9A19103F-16F7-4668-BE54-9A1E7A4F7556}") = "Evolve.MySql.Data.AspNetCore20.Test", "test-package\Evolve.MySql.Data.AspNetCore20.Test\Evolve.MySql.Data.AspNetCore20.Test.csproj", "{DD114EEA-5CCE-44F6-9454-0C6B9070D45B}"
EndProject
Project("{2150E333-8FDC-42A3-9474-1A3956D46DE8}") = "SQLServer", "SQLServer", "{7420B649-9F67-423C-BDBE-9198A5DA4029}"
EndProject
Project("{9A19103F-16F7-4668-BE54-9A1E7A4F7556}") = "Evolve.SqlClient.AspNetCore20.Test", "test-package\Evolve.SqlClient.AspNetCore20.Test\Evolve.SqlClient.AspNetCore20.Test.csproj", "{4F9741B2-9E5B-4552-B8AE-B206075A0B11}"
EndProject
Project("{9A19103F-16F7-4668-BE54-9A1E7A4F7556}") = "Evolve.Npgsql.AspNetCore11.Test", "test-package\Evolve.Npgsql.AspNetCore11.Test\Evolve.Npgsql.AspNetCore11.Test.csproj", "{1CA69EB6-4731-4E10-B57E-C4B6AF7DE838}"
EndProject
Project("{9A19103F-16F7-4668-BE54-9A1E7A4F7556}") = "Evolve.MySql.Data.AspNetCore11.Test", "test-package\Evolve.MySql.Data.AspNetCore11.Test\Evolve.MySql.Data.AspNetCore11.Test.csproj", "{917799E9-F360-4C78-997F-197A8CAD8000}"
EndProject
Project("{9A19103F-16F7-4668-BE54-9A1E7A4F7556}") = "Evolve.SqlClient.AspNetCore11.Test", "test-package\Evolve.SqlClient.AspNetCore11.Test\Evolve.SqlClient.AspNetCore11.Test.csproj", "{60371B42-640D-46EA-8ABD-AE8BD4DCA0A1}"
EndProject
Project("{9A19103F-16F7-4668-BE54-9A1E7A4F7556}") = "Evolve.Microsoft.Data.SQLite.AspNetCore11.Test", "test-package\Evolve.Microsoft.Data.SQLite.AspNetCore11.Test\Evolve.Microsoft.Data.SQLite.AspNetCore11.Test.csproj", "{4FC7F59C-4E97-4421-BB05-628E5F2FA3D8}"
EndProject
Project("{FAE04EC0-301F-11D3-BF4B-00C04F79EFBC}") = "Evolve.Npgsql.ConsoleApp452.Test", "test-package\Evolve.Npgsql.ConsoleApp452.Test\Evolve.Npgsql.ConsoleApp452.Test.csproj", "{4DB04F5F-714C-4ADE-8F71-50495BAF772A}"
EndProject
Project("{FAE04EC0-301F-11D3-BF4B-00C04F79EFBC}") = "Evolve.MySql.Data.ConsoleApp452.Test", "test-package\Evolve.MySql.Data.ConsoleApp452.Test\Evolve.MySql.Data.ConsoleApp452.Test.csproj", "{EC4E4E06-79B9-4873-8A56-CE97FFEDA9D7}"
EndProject
Project("{FAE04EC0-301F-11D3-BF4B-00C04F79EFBC}") = "Evolve.SqlClient.ConsoleApp452.Test", "test-package\Evolve.SqlClient.ConsoleApp452.Test\Evolve.SqlClient.ConsoleApp452.Test.csproj", "{D776646D-B9D2-42D3-9E31-1E8844ADA802}"
EndProject
Project("{FAE04EC0-301F-11D3-BF4B-00C04F79EFBC}") = "Evolve.System.Data.SQLite.ConsoleApp452.Test", "test-package\Evolve.System.Data.SQLite.ConsoleApp452.Test\Evolve.System.Data.SQLite.ConsoleApp452.Test.csproj", "{3F13E923-08DD-4071-AA73-1389846D6876}"
EndProject
Project("{FAE04EC0-301F-11D3-BF4B-00C04F79EFBC}") = "Evolve.SqlClient.ConsoleApp35.Test", "test-package\Evolve.SqlClient.ConsoleApp35.Test\Evolve.SqlClient.ConsoleApp35.Test.csproj", "{BAA32544-24E8-4986-B976-42A018D8345D}"
EndProject
Project("{FAE04EC0-301F-11D3-BF4B-00C04F79EFBC}") = "Evolve.System.Data.SQLite.ConsoleApp35.Test", "test-package\Evolve.System.Data.SQLite.ConsoleApp35.Test\Evolve.System.Data.SQLite.ConsoleApp35.Test.csproj", "{75F348BB-9F6A-46A7-BD6D-8EBA2471ED70}"
EndProject
Global
	GlobalSection(SolutionConfigurationPlatforms) = preSolution
		Debug|Any CPU = Debug|Any CPU
		Release|Any CPU = Release|Any CPU
	EndGlobalSection
	GlobalSection(ProjectConfigurationPlatforms) = postSolution
		{C0E57185-9C71-460B-84BE-65BF7BEB5686}.Debug|Any CPU.ActiveCfg = Debug|Any CPU
		{C0E57185-9C71-460B-84BE-65BF7BEB5686}.Debug|Any CPU.Build.0 = Debug|Any CPU
		{C0E57185-9C71-460B-84BE-65BF7BEB5686}.Release|Any CPU.ActiveCfg = Release|Any CPU
		{C0E57185-9C71-460B-84BE-65BF7BEB5686}.Release|Any CPU.Build.0 = Release|Any CPU
		{FD2FED09-6C19-4175-87DA-CE9D82D9A7B0}.Debug|Any CPU.ActiveCfg = Debug|Any CPU
		{FD2FED09-6C19-4175-87DA-CE9D82D9A7B0}.Debug|Any CPU.Build.0 = Debug|Any CPU
		{FD2FED09-6C19-4175-87DA-CE9D82D9A7B0}.Release|Any CPU.ActiveCfg = Release|Any CPU
		{FD2FED09-6C19-4175-87DA-CE9D82D9A7B0}.Release|Any CPU.Build.0 = Release|Any CPU
		{DD114EEA-5CCE-44F6-9454-0C6B9070D45B}.Debug|Any CPU.ActiveCfg = Debug|Any CPU
		{DD114EEA-5CCE-44F6-9454-0C6B9070D45B}.Debug|Any CPU.Build.0 = Debug|Any CPU
		{DD114EEA-5CCE-44F6-9454-0C6B9070D45B}.Release|Any CPU.ActiveCfg = Release|Any CPU
		{DD114EEA-5CCE-44F6-9454-0C6B9070D45B}.Release|Any CPU.Build.0 = Release|Any CPU
		{4F9741B2-9E5B-4552-B8AE-B206075A0B11}.Debug|Any CPU.ActiveCfg = Debug|Any CPU
		{4F9741B2-9E5B-4552-B8AE-B206075A0B11}.Debug|Any CPU.Build.0 = Debug|Any CPU
		{4F9741B2-9E5B-4552-B8AE-B206075A0B11}.Release|Any CPU.ActiveCfg = Release|Any CPU
		{4F9741B2-9E5B-4552-B8AE-B206075A0B11}.Release|Any CPU.Build.0 = Release|Any CPU
		{1CA69EB6-4731-4E10-B57E-C4B6AF7DE838}.Debug|Any CPU.ActiveCfg = Debug|Any CPU
		{1CA69EB6-4731-4E10-B57E-C4B6AF7DE838}.Debug|Any CPU.Build.0 = Debug|Any CPU
		{1CA69EB6-4731-4E10-B57E-C4B6AF7DE838}.Release|Any CPU.ActiveCfg = Release|Any CPU
		{1CA69EB6-4731-4E10-B57E-C4B6AF7DE838}.Release|Any CPU.Build.0 = Release|Any CPU
		{917799E9-F360-4C78-997F-197A8CAD8000}.Debug|Any CPU.ActiveCfg = Debug|Any CPU
		{917799E9-F360-4C78-997F-197A8CAD8000}.Debug|Any CPU.Build.0 = Debug|Any CPU
		{917799E9-F360-4C78-997F-197A8CAD8000}.Release|Any CPU.ActiveCfg = Release|Any CPU
		{917799E9-F360-4C78-997F-197A8CAD8000}.Release|Any CPU.Build.0 = Release|Any CPU
		{60371B42-640D-46EA-8ABD-AE8BD4DCA0A1}.Debug|Any CPU.ActiveCfg = Debug|Any CPU
		{60371B42-640D-46EA-8ABD-AE8BD4DCA0A1}.Debug|Any CPU.Build.0 = Debug|Any CPU
		{60371B42-640D-46EA-8ABD-AE8BD4DCA0A1}.Release|Any CPU.ActiveCfg = Release|Any CPU
		{60371B42-640D-46EA-8ABD-AE8BD4DCA0A1}.Release|Any CPU.Build.0 = Release|Any CPU
		{4FC7F59C-4E97-4421-BB05-628E5F2FA3D8}.Debug|Any CPU.ActiveCfg = Debug|Any CPU
		{4FC7F59C-4E97-4421-BB05-628E5F2FA3D8}.Debug|Any CPU.Build.0 = Debug|Any CPU
		{4FC7F59C-4E97-4421-BB05-628E5F2FA3D8}.Release|Any CPU.ActiveCfg = Release|Any CPU
		{4FC7F59C-4E97-4421-BB05-628E5F2FA3D8}.Release|Any CPU.Build.0 = Release|Any CPU
		{4DB04F5F-714C-4ADE-8F71-50495BAF772A}.Debug|Any CPU.ActiveCfg = Debug|Any CPU
		{4DB04F5F-714C-4ADE-8F71-50495BAF772A}.Debug|Any CPU.Build.0 = Debug|Any CPU
		{4DB04F5F-714C-4ADE-8F71-50495BAF772A}.Release|Any CPU.ActiveCfg = Release|Any CPU
		{4DB04F5F-714C-4ADE-8F71-50495BAF772A}.Release|Any CPU.Build.0 = Release|Any CPU
		{EC4E4E06-79B9-4873-8A56-CE97FFEDA9D7}.Debug|Any CPU.ActiveCfg = Debug|Any CPU
		{EC4E4E06-79B9-4873-8A56-CE97FFEDA9D7}.Debug|Any CPU.Build.0 = Debug|Any CPU
		{EC4E4E06-79B9-4873-8A56-CE97FFEDA9D7}.Release|Any CPU.ActiveCfg = Release|Any CPU
		{EC4E4E06-79B9-4873-8A56-CE97FFEDA9D7}.Release|Any CPU.Build.0 = Release|Any CPU
		{D776646D-B9D2-42D3-9E31-1E8844ADA802}.Debug|Any CPU.ActiveCfg = Debug|Any CPU
		{D776646D-B9D2-42D3-9E31-1E8844ADA802}.Debug|Any CPU.Build.0 = Debug|Any CPU
		{D776646D-B9D2-42D3-9E31-1E8844ADA802}.Release|Any CPU.ActiveCfg = Release|Any CPU
		{D776646D-B9D2-42D3-9E31-1E8844ADA802}.Release|Any CPU.Build.0 = Release|Any CPU
		{3F13E923-08DD-4071-AA73-1389846D6876}.Debug|Any CPU.ActiveCfg = Debug|Any CPU
		{3F13E923-08DD-4071-AA73-1389846D6876}.Debug|Any CPU.Build.0 = Debug|Any CPU
		{3F13E923-08DD-4071-AA73-1389846D6876}.Release|Any CPU.ActiveCfg = Release|Any CPU
		{3F13E923-08DD-4071-AA73-1389846D6876}.Release|Any CPU.Build.0 = Release|Any CPU
		{BAA32544-24E8-4986-B976-42A018D8345D}.Debug|Any CPU.ActiveCfg = Debug|Any CPU
		{BAA32544-24E8-4986-B976-42A018D8345D}.Debug|Any CPU.Build.0 = Debug|Any CPU
		{BAA32544-24E8-4986-B976-42A018D8345D}.Release|Any CPU.ActiveCfg = Release|Any CPU
		{BAA32544-24E8-4986-B976-42A018D8345D}.Release|Any CPU.Build.0 = Release|Any CPU
		{75F348BB-9F6A-46A7-BD6D-8EBA2471ED70}.Debug|Any CPU.ActiveCfg = Debug|Any CPU
		{75F348BB-9F6A-46A7-BD6D-8EBA2471ED70}.Debug|Any CPU.Build.0 = Debug|Any CPU
		{75F348BB-9F6A-46A7-BD6D-8EBA2471ED70}.Release|Any CPU.ActiveCfg = Release|Any CPU
		{75F348BB-9F6A-46A7-BD6D-8EBA2471ED70}.Release|Any CPU.Build.0 = Release|Any CPU
	EndGlobalSection
	GlobalSection(SolutionProperties) = preSolution
		HideSolutionNode = FALSE
	EndGlobalSection
	GlobalSection(NestedProjects) = preSolution
		{C0E57185-9C71-460B-84BE-65BF7BEB5686} = {3D88DCC8-AFAA-4734-BF76-D0E46D67B56A}
		{FD2FED09-6C19-4175-87DA-CE9D82D9A7B0} = {D7E774FF-B924-41B9-94AC-18799CBF564B}
		{DD114EEA-5CCE-44F6-9454-0C6B9070D45B} = {6D80708C-0287-4754-8ACA-DBF3240AB880}
		{4F9741B2-9E5B-4552-B8AE-B206075A0B11} = {7420B649-9F67-423C-BDBE-9198A5DA4029}
		{1CA69EB6-4731-4E10-B57E-C4B6AF7DE838} = {D7E774FF-B924-41B9-94AC-18799CBF564B}
		{917799E9-F360-4C78-997F-197A8CAD8000} = {6D80708C-0287-4754-8ACA-DBF3240AB880}
		{60371B42-640D-46EA-8ABD-AE8BD4DCA0A1} = {7420B649-9F67-423C-BDBE-9198A5DA4029}
		{4FC7F59C-4E97-4421-BB05-628E5F2FA3D8} = {3D88DCC8-AFAA-4734-BF76-D0E46D67B56A}
		{4DB04F5F-714C-4ADE-8F71-50495BAF772A} = {D7E774FF-B924-41B9-94AC-18799CBF564B}
		{EC4E4E06-79B9-4873-8A56-CE97FFEDA9D7} = {6D80708C-0287-4754-8ACA-DBF3240AB880}
		{D776646D-B9D2-42D3-9E31-1E8844ADA802} = {7420B649-9F67-423C-BDBE-9198A5DA4029}
		{3F13E923-08DD-4071-AA73-1389846D6876} = {3D88DCC8-AFAA-4734-BF76-D0E46D67B56A}
		{BAA32544-24E8-4986-B976-42A018D8345D} = {7420B649-9F67-423C-BDBE-9198A5DA4029}
		{75F348BB-9F6A-46A7-BD6D-8EBA2471ED70} = {3D88DCC8-AFAA-4734-BF76-D0E46D67B56A}
	EndGlobalSection
	GlobalSection(ExtensibilityGlobals) = postSolution
		SolutionGuid = {D1A92AB0-3CBC-4174-A7D1-E6B53B0EAF73}
	EndGlobalSection
EndGlobal
