
Microsoft Visual Studio Solution File, Format Version 12.00
# Visual Studio Version 16
VisualStudioVersion = 16.0.29424.173
MinimumVisualStudioVersion = 10.0.40219.1
Project("{9A19103F-16F7-4668-BE54-9A1E7A4F7556}") = "Evolve", "Evolve\Evolve.csproj", "{DBF0F8FA-5FD6-442A-BD36-925E38319E42}"
EndProject
Project("{9A19103F-16F7-4668-BE54-9A1E7A4F7556}") = "Evolve.Cli", "Evolve.Cli\Evolve.Cli.csproj", "{7DF2B02C-A19B-45F9-9C4A-D4C748EE8314}"
EndProject
Project("{9A19103F-16F7-4668-BE54-9A1E7A4F7556}") = "Evolve.Tests", "Evolve.Tests\Evolve.Tests.csproj", "{3A6F17CA-AF46-456B-BF71-5A9C0C87D2EB}"
EndProject
Project("{2150E333-8FDC-42A3-9474-1A3956D46DE8}") = "build", "build", "{7183866D-B03D-440A-904D-B92152904C4B}"
	ProjectSection(SolutionItems) = preProject
		..\build.cake = ..\build.cake
		..\build\common.props = ..\build\common.props
	EndProjectSection
EndProject
Project("{2150E333-8FDC-42A3-9474-1A3956D46DE8}") = "samples", "samples", "{3940BCD3-1E7B-4F61-88E2-9E05BC71E167}"
EndProject
Project("{9A19103F-16F7-4668-BE54-9A1E7A4F7556}") = "AspNetCoreSample", "samples\AspNetCoreSample_Evolve\AspNetCoreSample.csproj", "{3A25768C-7B4C-463E-8172-75ACFBB5AD42}"
EndProject
Project("{9A19103F-16F7-4668-BE54-9A1E7A4F7556}") = "AspNetCoreSample3", "samples\AspNetCoreSample_Evolve_EmbeddedResources\AspNetCoreSample3.csproj", "{6B2F9FB3-31B3-4AC0-A6FB-9359B8F9381A}"
EndProject
Project("{9A19103F-16F7-4668-BE54-9A1E7A4F7556}") = "Evolve.Tool", "Evolve.Tool\Evolve.Tool.csproj", "{B5F85B80-CED4-490A-A817-E6A6E50E654D}"
EndProject
Global
	GlobalSection(SolutionConfigurationPlatforms) = preSolution
		Debug|Any CPU = Debug|Any CPU
		Release|Any CPU = Release|Any CPU
	EndGlobalSection
	GlobalSection(ProjectConfigurationPlatforms) = postSolution
		{DBF0F8FA-5FD6-442A-BD36-925E38319E42}.Debug|Any CPU.ActiveCfg = Debug|Any CPU
		{DBF0F8FA-5FD6-442A-BD36-925E38319E42}.Debug|Any CPU.Build.0 = Debug|Any CPU
		{DBF0F8FA-5FD6-442A-BD36-925E38319E42}.Release|Any CPU.ActiveCfg = Release|Any CPU
		{DBF0F8FA-5FD6-442A-BD36-925E38319E42}.Release|Any CPU.Build.0 = Release|Any CPU
		{7DF2B02C-A19B-45F9-9C4A-D4C748EE8314}.Debug|Any CPU.ActiveCfg = Debug|Any CPU
		{7DF2B02C-A19B-45F9-9C4A-D4C748EE8314}.Debug|Any CPU.Build.0 = Debug|Any CPU
		{7DF2B02C-A19B-45F9-9C4A-D4C748EE8314}.Release|Any CPU.ActiveCfg = Release|Any CPU
		{7DF2B02C-A19B-45F9-9C4A-D4C748EE8314}.Release|Any CPU.Build.0 = Release|Any CPU
		{3A6F17CA-AF46-456B-BF71-5A9C0C87D2EB}.Debug|Any CPU.ActiveCfg = Debug|Any CPU
		{3A6F17CA-AF46-456B-BF71-5A9C0C87D2EB}.Debug|Any CPU.Build.0 = Debug|Any CPU
		{3A6F17CA-AF46-456B-BF71-5A9C0C87D2EB}.Release|Any CPU.ActiveCfg = Release|Any CPU
		{3A6F17CA-AF46-456B-BF71-5A9C0C87D2EB}.Release|Any CPU.Build.0 = Release|Any CPU
		{3A25768C-7B4C-463E-8172-75ACFBB5AD42}.Debug|Any CPU.ActiveCfg = Debug|Any CPU
		{3A25768C-7B4C-463E-8172-75ACFBB5AD42}.Release|Any CPU.ActiveCfg = Release|Any CPU
		{6B2F9FB3-31B3-4AC0-A6FB-9359B8F9381A}.Debug|Any CPU.ActiveCfg = Debug|Any CPU
		{6B2F9FB3-31B3-4AC0-A6FB-9359B8F9381A}.Release|Any CPU.ActiveCfg = Release|Any CPU
		{B5F85B80-CED4-490A-A817-E6A6E50E654D}.Debug|Any CPU.ActiveCfg = Debug|Any CPU
		{B5F85B80-CED4-490A-A817-E6A6E50E654D}.Debug|Any CPU.Build.0 = Debug|Any CPU
		{B5F85B80-CED4-490A-A817-E6A6E50E654D}.Release|Any CPU.ActiveCfg = Release|Any CPU
		{B5F85B80-CED4-490A-A817-E6A6E50E654D}.Release|Any CPU.Build.0 = Release|Any CPU
	EndGlobalSection
	GlobalSection(SolutionProperties) = preSolution
		HideSolutionNode = FALSE
	EndGlobalSection
	GlobalSection(NestedProjects) = preSolution
		{3A25768C-7B4C-463E-8172-75ACFBB5AD42} = {3940BCD3-1E7B-4F61-88E2-9E05BC71E167}
		{6B2F9FB3-31B3-4AC0-A6FB-9359B8F9381A} = {3940BCD3-1E7B-4F61-88E2-9E05BC71E167}
	EndGlobalSection
	GlobalSection(ExtensibilityGlobals) = postSolution
		SolutionGuid = {BD9DBF69-6342-4993-B508-CCD184163FA8}
	EndGlobalSection
EndGlobal
